speakeasyVersion: 1.554.1
sources:
    Midday API:
        sourceNamespace: midday-api
        sourceRevisionDigest: sha256:f2ea4d2b25b5ec58c8e5426028728f1c20a7bbea105679e6e0b452d37fe3e18f
        sourceBlobDigest: sha256:a0e6eecb2e29484d1407a8a6ea72ceec83b3c921d52872eddf62e79fc62721b7
        tags:
            - latest
            - speakeasy-sdk-regen-1748542564
            - 0.0.1
targets:
    midday:
        source: Midday API
        sourceNamespace: midday-api
        sourceRevisionDigest: sha256:f2ea4d2b25b5ec58c8e5426028728f1c20a7bbea105679e6e0b452d37fe3e18f
        sourceBlobDigest: sha256:a0e6eecb2e29484d1407a8a6ea72ceec83b3c921d52872eddf62e79fc62721b7
        codeSamplesNamespace: midday-api-typescript-code-samples
        codeSamplesRevisionDigest: sha256:72d109d7bb76c2318526818c4d0cc0af097f992bf48f8ea8369d3e0bdc13dd4b
workflow:
    workflowVersion: 1.0.0
    speakeasyVersion: latest
    sources:
        Midday API:
            inputs:
                - location: https://api.midday.ai/openapi
            registry:
                location: registry.speakeasyapi.dev/midday/midday/midday-api
    targets:
        midday:
            target: typescript
            source: Midday API
            publish:
                npm:
                    token: $npm_token
            codeSamples:
                registry:
                    location: registry.speakeasyapi.dev/midday/midday/midday-api-typescript-code-samples
                labelOverride:
                    fixedValue: Typescript (SDK)
                blocking: false
