speakeasyVersion: 1.622.1
sources:
    Midday API:
        sourceNamespace: midday-api
        sourceRevisionDigest: sha256:21e7bf14de99237457465b08581adc32497444a0df412700665694bc1e4fe5f7
        sourceBlobDigest: sha256:820b4a0cdaf0e1ee1e853fc7036f76047c0725bf4f1fe4f81dfc8973a295036b
        tags:
            - latest
            - speakeasy-sdk-regen-1774619770
            - 0.0.1
targets:
    midday:
        source: Midday API
        sourceNamespace: midday-api
        sourceRevisionDigest: sha256:21e7bf14de99237457465b08581adc32497444a0df412700665694bc1e4fe5f7
        sourceBlobDigest: sha256:820b4a0cdaf0e1ee1e853fc7036f76047c0725bf4f1fe4f81dfc8973a295036b
        codeSamplesNamespace: midday-api-typescript-code-samples
        codeSamplesRevisionDigest: sha256:bbd42e22c6492fa5622404102eae3e9e1bf2d8a126dea4bdc68aaf4f434148dd
workflow:
    workflowVersion: 1.0.0
    speakeasyVersion: latest
    sources:
        Midday API:
            inputs:
                - location: https://api.midday.ai/openapi
            registry:
                location: registry.speakeasyapi.dev/midday/midday/midday-api
    targets:
        midday:
            target: typescript
            source: Midday API
            publish:
                npm:
                    token: $npm_token
            codeSamples:
                registry:
                    location: registry.speakeasyapi.dev/midday/midday/midday-api-typescript-code-samples
                labelOverride:
                    fixedValue: Typescript (SDK)
                blocking: false
