speakeasyVersion: 1.587.1
sources:
    Midday API:
        sourceNamespace: midday-api
        sourceRevisionDigest: sha256:f88765d1780cbbf259fc6f62f4c64b12d7ad2dfaeb23ba198a9a19d3735c8830
        sourceBlobDigest: sha256:68311f373b7cd5baeceea53448b3188740177025e1ec3ec9f58a5c1a6e30d1af
        tags:
            - latest
            - speakeasy-sdk-regen-1752453322
            - 0.0.1
targets:
    midday:
        source: Midday API
        sourceNamespace: midday-api
        sourceRevisionDigest: sha256:f88765d1780cbbf259fc6f62f4c64b12d7ad2dfaeb23ba198a9a19d3735c8830
        sourceBlobDigest: sha256:68311f373b7cd5baeceea53448b3188740177025e1ec3ec9f58a5c1a6e30d1af
        codeSamplesNamespace: midday-api-typescript-code-samples
        codeSamplesRevisionDigest: sha256:ec2cbcfe288738a2cdfb0bb16d39ddfc2e8ed5bab6e68d2521a1f2ebbc9ce705
workflow:
    workflowVersion: 1.0.0
    speakeasyVersion: latest
    sources:
        Midday API:
            inputs:
                - location: https://api.midday.ai/openapi
            registry:
                location: registry.speakeasyapi.dev/midday/midday/midday-api
    targets:
        midday:
            target: typescript
            source: Midday API
            publish:
                npm:
                    token: $npm_token
            codeSamples:
                registry:
                    location: registry.speakeasyapi.dev/midday/midday/midday-api-typescript-code-samples
                labelOverride:
                    fixedValue: Typescript (SDK)
                blocking: false
